// !$*UTF8*$!
{
	archiveVersion = 1;
	classes = {
	};
	objectVersion = 51;
	objects = {

/* Begin PBXBuildFile section */
		825F9F4700792A41E3D6FABD /* Pods_Tabs_App.framework in Frameworks */ = {isa = PBXBuildFile; fileRef = 3F8E14B737C278C26ABB3683 /* Pods_Tabs_App.framework */; };
		8D00E27624F4D91F00462733 /* User.swift in Sources */ = {isa = PBXBuildFile; fileRef = 8D00E27524F4D91F00462733 /* User.swift */; };
		8D00E27C24F4EE6A00462733 /* Reference.txt in Resources */ = {isa = PBXBuildFile; fileRef = 8D00E27B24F4EE6A00462733 /* Reference.txt */; };
		8D21929024EBB39200A0A265 /* SignUpFromSigninController.swift in Sources */ = {isa = PBXBuildFile; fileRef = 8D21928F24EBB39200A0A265 /* SignUpFromSigninController.swift */; };
		8D22B22224EE036100EA8C28 /* Extensions.swift in Sources */ = {isa = PBXBuildFile; fileRef = 8D22B22124EE036100EA8C28 /* Extensions.swift */; };
		8D22B22424EEE6BB00EA8C28 /* KeyboardLayoutConstraint.swift in Sources */ = {isa = PBXBuildFile; fileRef = 8D22B22324EEE6BB00EA8C28 /* KeyboardLayoutConstraint.swift */; };
		8D22B22624EEF11D00EA8C28 /* Reachability.swift in Sources */ = {isa = PBXBuildFile; fileRef = 8D22B22524EEF11D00EA8C28 /* Reachability.swift */; };
		8D2CF82C24EAFBCB00B2EDDA /* Barlow-SemiBold.ttf in Resources */ = {isa = PBXBuildFile; fileRef = 8D2CF82A24EAFBBE00B2EDDA /* Barlow-SemiBold.ttf */; };
		8D2CF82E24EAFE5700B2EDDA /* RoundedButton.swift in Sources */ = {isa = PBXBuildFile; fileRef = 8D2CF82D24EAFE5700B2EDDA /* RoundedButton.swift */; };
		8D71518324F99134000C774A /* Tab.swift in Sources */ = {isa = PBXBuildFile; fileRef = 8D71518224F99134000C774A /* Tab.swift */; };
		8D9191E024EC7E6400BCACCC /* GoogleService-Info.plist in Resources */ = {isa = PBXBuildFile; fileRef = 8D9191DF24EC7E6400BCACCC /* GoogleService-Info.plist */; };
		8DA31DC024EB6819001EFD85 /* SignUpController.swift in Sources */ = {isa = PBXBuildFile; fileRef = 8DA31DBF24EB6819001EFD85 /* SignUpController.swift */; };
		8DA31DC424EB8814001EFD85 /* SignInController.swift in Sources */ = {isa = PBXBuildFile; fileRef = 8DA31DC324EB8814001EFD85 /* SignInController.swift */; };
		8DA6565B24FA99D000C73F3A /* IndividualFriendController.swift in Sources */ = {isa = PBXBuildFile; fileRef = 8DA6565A24FA99D000C73F3A /* IndividualFriendController.swift */; };
		8DA6565D24FA9BAD00C73F3A /* AddFriendViaEmailController.swift in Sources */ = {isa = PBXBuildFile; fileRef = 8DA6565C24FA9BAD00C73F3A /* AddFriendViaEmailController.swift */; };
		8DAFD98324F19EB50042B917 /* VerifyEmailController.swift in Sources */ = {isa = PBXBuildFile; fileRef = 8DAFD98224F19EB50042B917 /* VerifyEmailController.swift */; };
		8DDA252E24F59B0F006C89D6 /* ForgotPasswordController.swift in Sources */ = {isa = PBXBuildFile; fileRef = 8DDA252D24F59B0F006C89D6 /* ForgotPasswordController.swift */; };
		8DDA253024F6DB33006C89D6 /* App.storyboard in Resources */ = {isa = PBXBuildFile; fileRef = 8DDA252F24F6DB33006C89D6 /* App.storyboard */; };
		8DDA253224F6FE12006C89D6 /* FriendsController.swift in Sources */ = {isa = PBXBuildFile; fileRef = 8DDA253124F6FE12006C89D6 /* FriendsController.swift */; };
		8DDA253424F701C1006C89D6 /* Barlow-ExtraBold.ttf in Resources */ = {isa = PBXBuildFile; fileRef = 8DDA253324F701C1006C89D6 /* Barlow-ExtraBold.ttf */; };
		8DDA253624F70C3F006C89D6 /* Barlow-Bold.ttf in Resources */ = {isa = PBXBuildFile; fileRef = 8DDA253524F70C3F006C89D6 /* Barlow-Bold.ttf */; };
		8DE08ED324E88E5E0009D728 /* AppDelegate.swift in Sources */ = {isa = PBXBuildFile; fileRef = 8DE08ED224E88E5E0009D728 /* AppDelegate.swift */; };
		8DE08ED524E88E5E0009D728 /* SceneDelegate.swift in Sources */ = {isa = PBXBuildFile; fileRef = 8DE08ED424E88E5E0009D728 /* SceneDelegate.swift */; };
		8DE08ED724E88E5E0009D728 /* AnimatedIntroController.swift in Sources */ = {isa = PBXBuildFile; fileRef = 8DE08ED624E88E5E0009D728 /* AnimatedIntroController.swift */; };
		8DE08EDA24E88E5E0009D728 /* Main.storyboard in Resources */ = {isa = PBXBuildFile; fileRef = 8DE08ED824E88E5E0009D728 /* Main.storyboard */; };
		8DE08EDD24E88E5E0009D728 /* Tabs_App.xcdatamodeld in Sources */ = {isa = PBXBuildFile; fileRef = 8DE08EDB24E88E5E0009D728 /* Tabs_App.xcdatamodeld */; };
		8DE08EDF24E88E5F0009D728 /* Assets.xcassets in Resources */ = {isa = PBXBuildFile; fileRef = 8DE08EDE24E88E5F0009D728 /* Assets.xcassets */; };
		8DE08EE224E88E5F0009D728 /* LaunchScreen.storyboard in Resources */ = {isa = PBXBuildFile; fileRef = 8DE08EE024E88E5F0009D728 /* LaunchScreen.storyboard */; };
		8DE08EED24E88E5F0009D728 /* Tabs_AppTests.swift in Sources */ = {isa = PBXBuildFile; fileRef = 8DE08EEC24E88E5F0009D728 /* Tabs_AppTests.swift */; };
		C2DCC9B924F93B02009C6D08 /* HomeScreenController.swift in Sources */ = {isa = PBXBuildFile; fileRef = C2DCC9B824F93B02009C6D08 /* HomeScreenController.swift */; };
/* End PBXBuildFile section */

/* Begin PBXContainerItemProxy section */
		8DE08EE924E88E5F0009D728 /* PBXContainerItemProxy */ = {
			isa = PBXContainerItemProxy;
			containerPortal = 8DE08EC724E88E5E0009D728 /* Project object */;
			proxyType = 1;
			remoteGlobalIDString = 8DE08ECE24E88E5E0009D728;
			remoteInfo = "Tabs App";
		};
/* End PBXContainerItemProxy section */

/* Begin PBXFileReference section */
		0C70A2DDC9C45C5EE3B87802 /* Pods-Tabs App.debug.xcconfig */ = {isa = PBXFileReference; includeInIndex = 1; lastKnownFileType = text.xcconfig; name = "Pods-Tabs App.debug.xcconfig"; path = "Target Support Files/Pods-Tabs App/Pods-Tabs App.debug.xcconfig"; sourceTree = "<group>"; };
		3F8E14B737C278C26ABB3683 /* Pods_Tabs_App.framework */ = {isa = PBXFileReference; explicitFileType = wrapper.framework; includeInIndex = 0; path = Pods_Tabs_App.framework; sourceTree = BUILT_PRODUCTS_DIR; };
		51AF88D24F5356695D111640 /* Pods-Tabs App.release.xcconfig */ = {isa = PBXFileReference; includeInIndex = 1; lastKnownFileType = text.xcconfig; name = "Pods-Tabs App.release.xcconfig"; path = "Target Support Files/Pods-Tabs App/Pods-Tabs App.release.xcconfig"; sourceTree = "<group>"; };
		8D00E27524F4D91F00462733 /* User.swift */ = {isa = PBXFileReference; lastKnownFileType = sourcecode.swift; path = User.swift; sourceTree = "<group>"; };
		8D00E27B24F4EE6A00462733 /* Reference.txt */ = {isa = PBXFileReference; lastKnownFileType = text; path = Reference.txt; sourceTree = "<group>"; };
		8D21928F24EBB39200A0A265 /* SignUpFromSigninController.swift */ = {isa = PBXFileReference; lastKnownFileType = sourcecode.swift; path = SignUpFromSigninController.swift; sourceTree = "<group>"; };
		8D22B22124EE036100EA8C28 /* Extensions.swift */ = {isa = PBXFileReference; lastKnownFileType = sourcecode.swift; path = Extensions.swift; sourceTree = "<group>"; };
		8D22B22324EEE6BB00EA8C28 /* KeyboardLayoutConstraint.swift */ = {isa = PBXFileReference; lastKnownFileType = sourcecode.swift; path = KeyboardLayoutConstraint.swift; sourceTree = "<group>"; };
		8D22B22524EEF11D00EA8C28 /* Reachability.swift */ = {isa = PBXFileReference; lastKnownFileType = sourcecode.swift; path = Reachability.swift; sourceTree = "<group>"; };
		8D2CF82A24EAFBBE00B2EDDA /* Barlow-SemiBold.ttf */ = {isa = PBXFileReference; lastKnownFileType = file; path = "Barlow-SemiBold.ttf"; sourceTree = "<group>"; };
		8D2CF82D24EAFE5700B2EDDA /* RoundedButton.swift */ = {isa = PBXFileReference; lastKnownFileType = sourcecode.swift; path = RoundedButton.swift; sourceTree = "<group>"; };
		8D71518224F99134000C774A /* Tab.swift */ = {isa = PBXFileReference; lastKnownFileType = sourcecode.swift; path = Tab.swift; sourceTree = "<group>"; };
		8D9191DF24EC7E6400BCACCC /* GoogleService-Info.plist */ = {isa = PBXFileReference; fileEncoding = 4; lastKnownFileType = text.plist.xml; path = "GoogleService-Info.plist"; sourceTree = "<group>"; };
		8DA31DBF24EB6819001EFD85 /* SignUpController.swift */ = {isa = PBXFileReference; lastKnownFileType = sourcecode.swift; path = SignUpController.swift; sourceTree = "<group>"; };
		8DA31DC324EB8814001EFD85 /* SignInController.swift */ = {isa = PBXFileReference; lastKnownFileType = sourcecode.swift; path = SignInController.swift; sourceTree = "<group>"; };
		8DA6565A24FA99D000C73F3A /* IndividualFriendController.swift */ = {isa = PBXFileReference; lastKnownFileType = sourcecode.swift; path = IndividualFriendController.swift; sourceTree = "<group>"; };
		8DA6565C24FA9BAD00C73F3A /* AddFriendViaEmailController.swift */ = {isa = PBXFileReference; lastKnownFileType = sourcecode.swift; path = AddFriendViaEmailController.swift; sourceTree = "<group>"; };
		8DAFD98224F19EB50042B917 /* VerifyEmailController.swift */ = {isa = PBXFileReference; lastKnownFileType = sourcecode.swift; path = VerifyEmailController.swift; sourceTree = "<group>"; };
		8DDA252D24F59B0F006C89D6 /* ForgotPasswordController.swift */ = {isa = PBXFileReference; lastKnownFileType = sourcecode.swift; path = ForgotPasswordController.swift; sourceTree = "<group>"; };
		8DDA252F24F6DB33006C89D6 /* App.storyboard */ = {isa = PBXFileReference; lastKnownFileType = file.storyboard; path = App.storyboard; sourceTree = "<group>"; };
		8DDA253124F6FE12006C89D6 /* FriendsController.swift */ = {isa = PBXFileReference; lastKnownFileType = sourcecode.swift; path = FriendsController.swift; sourceTree = "<group>"; };
		8DDA253324F701C1006C89D6 /* Barlow-ExtraBold.ttf */ = {isa = PBXFileReference; lastKnownFileType = file; path = "Barlow-ExtraBold.ttf"; sourceTree = "<group>"; };
		8DDA253524F70C3F006C89D6 /* Barlow-Bold.ttf */ = {isa = PBXFileReference; lastKnownFileType = file; path = "Barlow-Bold.ttf"; sourceTree = "<group>"; };
		8DE08ECF24E88E5E0009D728 /* Tabs App.app */ = {isa = PBXFileReference; explicitFileType = wrapper.application; includeInIndex = 0; path = "Tabs App.app"; sourceTree = BUILT_PRODUCTS_DIR; };
		8DE08ED224E88E5E0009D728 /* AppDelegate.swift */ = {isa = PBXFileReference; lastKnownFileType = sourcecode.swift; path = AppDelegate.swift; sourceTree = "<group>"; };
		8DE08ED424E88E5E0009D728 /* SceneDelegate.swift */ = {isa = PBXFileReference; lastKnownFileType = sourcecode.swift; path = SceneDelegate.swift; sourceTree = "<group>"; };
		8DE08ED624E88E5E0009D728 /* AnimatedIntroController.swift */ = {isa = PBXFileReference; lastKnownFileType = sourcecode.swift; path = AnimatedIntroController.swift; sourceTree = "<group>"; };
		8DE08ED924E88E5E0009D728 /* Base */ = {isa = PBXFileReference; lastKnownFileType = file.storyboard; name = Base; path = Base.lproj/Main.storyboard; sourceTree = "<group>"; };
		8DE08EDC24E88E5E0009D728 /* Tabs_App.xcdatamodel */ = {isa = PBXFileReference; lastKnownFileType = wrapper.xcdatamodel; path = Tabs_App.xcdatamodel; sourceTree = "<group>"; };
		8DE08EDE24E88E5F0009D728 /* Assets.xcassets */ = {isa = PBXFileReference; lastKnownFileType = folder.assetcatalog; path = Assets.xcassets; sourceTree = "<group>"; };
		8DE08EE124E88E5F0009D728 /* Base */ = {isa = PBXFileReference; lastKnownFileType = file.storyboard; name = Base; path = Base.lproj/LaunchScreen.storyboard; sourceTree = "<group>"; };
		8DE08EE324E88E5F0009D728 /* Info.plist */ = {isa = PBXFileReference; lastKnownFileType = text.plist.xml; path = Info.plist; sourceTree = "<group>"; };
		8DE08EE824E88E5F0009D728 /* Tabs AppTests.xctest */ = {isa = PBXFileReference; explicitFileType = wrapper.cfbundle; includeInIndex = 0; path = "Tabs AppTests.xctest"; sourceTree = BUILT_PRODUCTS_DIR; };
		8DE08EEC24E88E5F0009D728 /* Tabs_AppTests.swift */ = {isa = PBXFileReference; lastKnownFileType = sourcecode.swift; path = Tabs_AppTests.swift; sourceTree = "<group>"; };
		8DE08EEE24E88E5F0009D728 /* Info.plist */ = {isa = PBXFileReference; lastKnownFileType = text.plist.xml; path = Info.plist; sourceTree = "<group>"; };
		C2DCC9B824F93B02009C6D08 /* HomeScreenController.swift */ = {isa = PBXFileReference; lastKnownFileType = sourcecode.swift; path = HomeScreenController.swift; sourceTree = "<group>"; };
/* End PBXFileReference section */

/* Begin PBXFrameworksBuildPhase section */
		8DE08ECC24E88E5E0009D728 /* Frameworks */ = {
			isa = PBXFrameworksBuildPhase;
			buildActionMask = 2147483647;
			files = (
				825F9F4700792A41E3D6FABD /* Pods_Tabs_App.framework in Frameworks */,
			);
			runOnlyForDeploymentPostprocessing = 0;
		};
		8DE08EE524E88E5F0009D728 /* Frameworks */ = {
			isa = PBXFrameworksBuildPhase;
			buildActionMask = 2147483647;
			files = (
			);
			runOnlyForDeploymentPostprocessing = 0;
		};
/* End PBXFrameworksBuildPhase section */

/* Begin PBXGroup section */
		6B26DF0EF753D4461325B0D6 /* Frameworks */ = {
			isa = PBXGroup;
			children = (
				3F8E14B737C278C26ABB3683 /* Pods_Tabs_App.framework */,
			);
			name = Frameworks;
			sourceTree = "<group>";
		};
		8D21928E24EBA99200A0A265 /* Custom Elements */ = {
			isa = PBXGroup;
			children = (
				8D2CF82D24EAFE5700B2EDDA /* RoundedButton.swift */,
			);
			path = "Custom Elements";
			sourceTree = "<group>";
		};
		8D2CF82924EAFB9C00B2EDDA /* Fonts */ = {
			isa = PBXGroup;
			children = (
				8D2CF82A24EAFBBE00B2EDDA /* Barlow-SemiBold.ttf */,
				8DDA253324F701C1006C89D6 /* Barlow-ExtraBold.ttf */,
				8DDA253524F70C3F006C89D6 /* Barlow-Bold.ttf */,
			);
			path = Fonts;
			sourceTree = "<group>";
		};
		8DE08EC624E88E5E0009D728 = {
			isa = PBXGroup;
			children = (
				8DE08ED124E88E5E0009D728 /* Tabs App */,
				8DE08EEB24E88E5F0009D728 /* Tabs AppTests */,
				8DE08ED024E88E5E0009D728 /* Products */,
				D8FDB40BCEB308C58FFEA313 /* Pods */,
				6B26DF0EF753D4461325B0D6 /* Frameworks */,
			);
			sourceTree = "<group>";
		};
		8DE08ED024E88E5E0009D728 /* Products */ = {
			isa = PBXGroup;
			children = (
				8DE08ECF24E88E5E0009D728 /* Tabs App.app */,
				8DE08EE824E88E5F0009D728 /* Tabs AppTests.xctest */,
			);
			name = Products;
			sourceTree = "<group>";
		};
		8DE08ED124E88E5E0009D728 /* Tabs App */ = {
			isa = PBXGroup;
			children = (
				8DE08EF724E8947C0009D728 /* Model */,
				8DE08EF824E894960009D728 /* View */,
				8DE08EF924E894A60009D728 /* Controller */,
				8DE08EFA24E894B00009D728 /* Supporting */,
				8DE08EDE24E88E5F0009D728 /* Assets.xcassets */,
				8DE08EE324E88E5F0009D728 /* Info.plist */,
				8DE08EDB24E88E5E0009D728 /* Tabs_App.xcdatamodeld */,
				8D9191DF24EC7E6400BCACCC /* GoogleService-Info.plist */,
			);
			path = "Tabs App";
			sourceTree = "<group>";
		};
		8DE08EEB24E88E5F0009D728 /* Tabs AppTests */ = {
			isa = PBXGroup;
			children = (
				8DE08EEC24E88E5F0009D728 /* Tabs_AppTests.swift */,
				8DE08EEE24E88E5F0009D728 /* Info.plist */,
			);
			path = "Tabs AppTests";
			sourceTree = "<group>";
		};
		8DE08EF724E8947C0009D728 /* Model */ = {
			isa = PBXGroup;
			children = (
				8D00E27524F4D91F00462733 /* User.swift */,
				8D71518224F99134000C774A /* Tab.swift */,
			);
			path = Model;
			sourceTree = "<group>";
		};
		8DE08EF824E894960009D728 /* View */ = {
			isa = PBXGroup;
			children = (
				8DE08ED824E88E5E0009D728 /* Main.storyboard */,
				8DDA252F24F6DB33006C89D6 /* App.storyboard */,
				8DE08EE024E88E5F0009D728 /* LaunchScreen.storyboard */,
			);
			path = View;
			sourceTree = "<group>";
		};
		8DE08EF924E894A60009D728 /* Controller */ = {
			isa = PBXGroup;
			children = (
				8DE08ED224E88E5E0009D728 /* AppDelegate.swift */,
				C2DCC9B824F93B02009C6D08 /* HomeScreenController.swift */,
				8DE08ED424E88E5E0009D728 /* SceneDelegate.swift */,
				8DE08ED624E88E5E0009D728 /* AnimatedIntroController.swift */,
				8DA31DBF24EB6819001EFD85 /* SignUpController.swift */,
				8DA31DC324EB8814001EFD85 /* SignInController.swift */,
				8D21928F24EBB39200A0A265 /* SignUpFromSigninController.swift */,
				8DAFD98224F19EB50042B917 /* VerifyEmailController.swift */,
				8DDA252D24F59B0F006C89D6 /* ForgotPasswordController.swift */,
				8DDA253124F6FE12006C89D6 /* FriendsController.swift */,
				8DA6565A24FA99D000C73F3A /* IndividualFriendController.swift */,
				8DA6565C24FA9BAD00C73F3A /* AddFriendViaEmailController.swift */,
				8D22B22124EE036100EA8C28 /* Extensions.swift */,
				8D22B22324EEE6BB00EA8C28 /* KeyboardLayoutConstraint.swift */,
				8D22B22524EEF11D00EA8C28 /* Reachability.swift */,
				8D21928E24EBA99200A0A265 /* Custom Elements */,
				8D00E27B24F4EE6A00462733 /* Reference.txt */,
			);
			path = Controller;
			sourceTree = "<group>";
		};
		8DE08EFA24E894B00009D728 /* Supporting */ = {
			isa = PBXGroup;
			children = (
				8D2CF82924EAFB9C00B2EDDA /* Fonts */,
			);
			path = Supporting;
			sourceTree = "<group>";
		};
		D8FDB40BCEB308C58FFEA313 /* Pods */ = {
			isa = PBXGroup;
			children = (
				0C70A2DDC9C45C5EE3B87802 /* Pods-Tabs App.debug.xcconfig */,
				51AF88D24F5356695D111640 /* Pods-Tabs App.release.xcconfig */,
			);
			path = Pods;
			sourceTree = "<group>";
		};
/* End PBXGroup section */

/* Begin PBXNativeTarget section */
		8DE08ECE24E88E5E0009D728 /* Tabs App */ = {
			isa = PBXNativeTarget;
			buildConfigurationList = 8DE08EF124E88E5F0009D728 /* Build configuration list for PBXNativeTarget "Tabs App" */;
			buildPhases = (
				3C7735AFF446DF5DF5BFD8EF /* [CP] Check Pods Manifest.lock */,
				8DE08ECB24E88E5E0009D728 /* Sources */,
				8DE08ECC24E88E5E0009D728 /* Frameworks */,
				8DE08ECD24E88E5E0009D728 /* Resources */,
				F833910FA6912EBD7950E1CF /* [CP] Embed Pods Frameworks */,
			);
			buildRules = (
			);
			dependencies = (
			);
			name = "Tabs App";
			productName = "Tabs App";
			productReference = 8DE08ECF24E88E5E0009D728 /* Tabs App.app */;
			productType = "com.apple.product-type.application";
		};
		8DE08EE724E88E5F0009D728 /* Tabs AppTests */ = {
			isa = PBXNativeTarget;
			buildConfigurationList = 8DE08EF424E88E5F0009D728 /* Build configuration list for PBXNativeTarget "Tabs AppTests" */;
			buildPhases = (
				8DE08EE424E88E5F0009D728 /* Sources */,
				8DE08EE524E88E5F0009D728 /* Frameworks */,
				8DE08EE624E88E5F0009D728 /* Resources */,
			);
			buildRules = (
			);
			dependencies = (
				8DE08EEA24E88E5F0009D728 /* PBXTargetDependency */,
			);
			name = "Tabs AppTests";
			productName = "Tabs AppTests";
			productReference = 8DE08EE824E88E5F0009D728 /* Tabs AppTests.xctest */;
			productType = "com.apple.product-type.bundle.unit-test";
		};
/* End PBXNativeTarget section */

/* Begin PBXProject section */
		8DE08EC724E88E5E0009D728 /* Project object */ = {
			isa = PBXProject;
			attributes = {
				KnownAssetTags = (
					SignupView,
				);
				LastSwiftUpdateCheck = 1160;
				LastUpgradeCheck = 1160;
				ORGANIZATIONNAME = "Araad Shams";
				TargetAttributes = {
					8DE08ECE24E88E5E0009D728 = {
						CreatedOnToolsVersion = 11.6;
					};
					8DE08EE724E88E5F0009D728 = {
						CreatedOnToolsVersion = 11.6;
						TestTargetID = 8DE08ECE24E88E5E0009D728;
					};
				};
			};
			buildConfigurationList = 8DE08ECA24E88E5E0009D728 /* Build configuration list for PBXProject "Tabs App" */;
			compatibilityVersion = "Xcode 9.3";
			developmentRegion = en;
			hasScannedForEncodings = 0;
			knownRegions = (
				en,
				Base,
			);
			mainGroup = 8DE08EC624E88E5E0009D728;
			productRefGroup = 8DE08ED024E88E5E0009D728 /* Products */;
			projectDirPath = "";
			projectRoot = "";
			targets = (
				8DE08ECE24E88E5E0009D728 /* Tabs App */,
				8DE08EE724E88E5F0009D728 /* Tabs AppTests */,
			);
		};
/* End PBXProject section */

/* Begin PBXResourcesBuildPhase section */
		8DE08ECD24E88E5E0009D728 /* Resources */ = {
			isa = PBXResourcesBuildPhase;
			buildActionMask = 2147483647;
			files = (
				8DE08EE224E88E5F0009D728 /* LaunchScreen.storyboard in Resources */,
				8DDA253424F701C1006C89D6 /* Barlow-ExtraBold.ttf in Resources */,
				8DE08EDF24E88E5F0009D728 /* Assets.xcassets in Resources */,
				8D00E27C24F4EE6A00462733 /* Reference.txt in Resources */,
				8D9191E024EC7E6400BCACCC /* GoogleService-Info.plist in Resources */,
				8DDA253024F6DB33006C89D6 /* App.storyboard in Resources */,
				8D2CF82C24EAFBCB00B2EDDA /* Barlow-SemiBold.ttf in Resources */,
				8DE08EDA24E88E5E0009D728 /* Main.storyboard in Resources */,
				8DDA253624F70C3F006C89D6 /* Barlow-Bold.ttf in Resources */,
			);
			runOnlyForDeploymentPostprocessing = 0;
		};
		8DE08EE624E88E5F0009D728 /* Resources */ = {
			isa = PBXResourcesBuildPhase;
			buildActionMask = 2147483647;
			files = (
			);
			runOnlyForDeploymentPostprocessing = 0;
		};
/* End PBXResourcesBuildPhase section */

/* Begin PBXShellScriptBuildPhase section */
		3C7735AFF446DF5DF5BFD8EF /* [CP] Check Pods Manifest.lock */ = {
			isa = PBXShellScriptBuildPhase;
			buildActionMask = 2147483647;
			files = (
			);
			inputFileListPaths = (
			);
			inputPaths = (
				"${PODS_PODFILE_DIR_PATH}/Podfile.lock",
				"${PODS_ROOT}/Manifest.lock",
			);
			name = "[CP] Check Pods Manifest.lock";
			outputFileListPaths = (
			);
			outputPaths = (
				"$(DERIVED_FILE_DIR)/Pods-Tabs App-checkManifestLockResult.txt",
			);
			runOnlyForDeploymentPostprocessing = 0;
			shellPath = /bin/sh;
			shellScript = "diff \"${PODS_PODFILE_DIR_PATH}/Podfile.lock\" \"${PODS_ROOT}/Manifest.lock\" > /dev/null\nif [ $? != 0 ] ; then\n    # print error to STDERR\n    echo \"error: The sandbox is not in sync with the Podfile.lock. Run 'pod install' or update your CocoaPods installation.\" >&2\n    exit 1\nfi\n# This output is used by Xcode 'outputs' to avoid re-running this script phase.\necho \"SUCCESS\" > \"${SCRIPT_OUTPUT_FILE_0}\"\n";
			showEnvVarsInLog = 0;
		};
		F833910FA6912EBD7950E1CF /* [CP] Embed Pods Frameworks */ = {
			isa = PBXShellScriptBuildPhase;
			buildActionMask = 2147483647;
			files = (
			);
			inputFileListPaths = (
				"${PODS_ROOT}/Target Support Files/Pods-Tabs App/Pods-Tabs App-frameworks-${CONFIGURATION}-input-files.xcfilelist",
			);
			name = "[CP] Embed Pods Frameworks";
			outputFileListPaths = (
				"${PODS_ROOT}/Target Support Files/Pods-Tabs App/Pods-Tabs App-frameworks-${CONFIGURATION}-output-files.xcfilelist",
			);
			runOnlyForDeploymentPostprocessing = 0;
			shellPath = /bin/sh;
			shellScript = "\"${PODS_ROOT}/Target Support Files/Pods-Tabs App/Pods-Tabs App-frameworks.sh\"\n";
			showEnvVarsInLog = 0;
		};
/* End PBXShellScriptBuildPhase section */

/* Begin PBXSourcesBuildPhase section */
		8DE08ECB24E88E5E0009D728 /* Sources */ = {
			isa = PBXSourcesBuildPhase;
			buildActionMask = 2147483647;
			files = (
				8D00E27624F4D91F00462733 /* User.swift in Sources */,
				8D71518324F99134000C774A /* Tab.swift in Sources */,
				8DDA253224F6FE12006C89D6 /* FriendsController.swift in Sources */,
				8DA6565D24FA9BAD00C73F3A /* AddFriendViaEmailController.swift in Sources */,
				C2DCC9B924F93B02009C6D08 /* HomeScreenController.swift in Sources */,
				8DE08ED724E88E5E0009D728 /* AnimatedIntroController.swift in Sources */,
				8D22B22224EE036100EA8C28 /* Extensions.swift in Sources */,
				8DDA252E24F59B0F006C89D6 /* ForgotPasswordController.swift in Sources */,
				8D2CF82E24EAFE5700B2EDDA /* RoundedButton.swift in Sources */,
				8DA6565B24FA99D000C73F3A /* IndividualFriendController.swift in Sources */,
				8DAFD98324F19EB50042B917 /* VerifyEmailController.swift in Sources */,
				8D22B22424EEE6BB00EA8C28 /* KeyboardLayoutConstraint.swift in Sources */,
				8D21929024EBB39200A0A265 /* SignUpFromSigninController.swift in Sources */,
				8DE08ED324E88E5E0009D728 /* AppDelegate.swift in Sources */,
				8DE08ED524E88E5E0009D728 /* SceneDelegate.swift in Sources */,
				8D22B22624EEF11D00EA8C28 /* Reachability.swift in Sources */,
				8DA31DC424EB8814001EFD85 /* SignInController.swift in Sources */,
				8DE08EDD24E88E5E0009D728 /* Tabs_App.xcdatamodeld in Sources */,
				8DA31DC024EB6819001EFD85 /* SignUpController.swift in Sources */,
			);
			runOnlyForDeploymentPostprocessing = 0;
		};
		8DE08EE424E88E5F0009D728 /* Sources */ = {
			isa = PBXSourcesBuildPhase;
			buildActionMask = 2147483647;
			files = (
				8DE08EED24E88E5F0009D728 /* Tabs_AppTests.swift in Sources */,
			);
			runOnlyForDeploymentPostprocessing = 0;
		};
/* End PBXSourcesBuildPhase section */

/* Begin PBXTargetDependency section */
		8DE08EEA24E88E5F0009D728 /* PBXTargetDependency */ = {
			isa = PBXTargetDependency;
			target = 8DE08ECE24E88E5E0009D728 /* Tabs App */;
			targetProxy = 8DE08EE924E88E5F0009D728 /* PBXContainerItemProxy */;
		};
/* End PBXTargetDependency section */

/* Begin PBXVariantGroup section */
		8DE08ED824E88E5E0009D728 /* Main.storyboard */ = {
			isa = PBXVariantGroup;
			children = (
				8DE08ED924E88E5E0009D728 /* Base */,
			);
			name = Main.storyboard;
			sourceTree = "<group>";
		};
		8DE08EE024E88E5F0009D728 /* LaunchScreen.storyboard */ = {
			isa = PBXVariantGroup;
			children = (
				8DE08EE124E88E5F0009D728 /* Base */,
			);
			name = LaunchScreen.storyboard;
			sourceTree = "<group>";
		};
/* End PBXVariantGroup section */

/* Begin XCBuildConfiguration section */
		8DE08EEF24E88E5F0009D728 /* Debug */ = {
			isa = XCBuildConfiguration;
			buildSettings = {
				ALWAYS_SEARCH_USER_PATHS = NO;
				CLANG_ANALYZER_NONNULL = YES;
				CLANG_ANALYZER_NUMBER_OBJECT_CONVERSION = YES_AGGRESSIVE;
				CLANG_CXX_LANGUAGE_STANDARD = "gnu++14";
				CLANG_CXX_LIBRARY = "libc++";
				CLANG_ENABLE_MODULES = YES;
				CLANG_ENABLE_OBJC_ARC = YES;
				CLANG_ENABLE_OBJC_WEAK = YES;
				CLANG_WARN_BLOCK_CAPTURE_AUTORELEASING = YES;
				CLANG_WARN_BOOL_CONVERSION = YES;
				CLANG_WARN_COMMA = YES;
				CLANG_WARN_CONSTANT_CONVERSION = YES;
				CLANG_WARN_DEPRECATED_OBJC_IMPLEMENTATIONS = YES;
				CLANG_WARN_DIRECT_OBJC_ISA_USAGE = YES_ERROR;
				CLANG_WARN_DOCUMENTATION_COMMENTS = YES;
				CLANG_WARN_EMPTY_BODY = YES;
				CLANG_WARN_ENUM_CONVERSION = YES;
				CLANG_WARN_INFINITE_RECURSION = YES;
				CLANG_WARN_INT_CONVERSION = YES;
				CLANG_WARN_NON_LITERAL_NULL_CONVERSION = YES;
				CLANG_WARN_OBJC_IMPLICIT_RETAIN_SELF = YES;
				CLANG_WARN_OBJC_LITERAL_CONVERSION = YES;
				CLANG_WARN_OBJC_ROOT_CLASS = YES_ERROR;
				CLANG_WARN_RANGE_LOOP_ANALYSIS = YES;
				CLANG_WARN_STRICT_PROTOTYPES = YES;
				CLANG_WARN_SUSPICIOUS_MOVE = YES;
				CLANG_WARN_UNGUARDED_AVAILABILITY = YES_AGGRESSIVE;
				CLANG_WARN_UNREACHABLE_CODE = YES;
				CLANG_WARN__DUPLICATE_METHOD_MATCH = YES;
				COPY_PHASE_STRIP = NO;
				DEBUG_INFORMATION_FORMAT = dwarf;
				ENABLE_STRICT_OBJC_MSGSEND = YES;
				ENABLE_TESTABILITY = YES;
				GCC_C_LANGUAGE_STANDARD = gnu11;
				GCC_DYNAMIC_NO_PIC = NO;
				GCC_NO_COMMON_BLOCKS = YES;
				GCC_OPTIMIZATION_LEVEL = 0;
				GCC_PREPROCESSOR_DEFINITIONS = (
					"DEBUG=1",
					"$(inherited)",
				);
				GCC_WARN_64_TO_32_BIT_CONVERSION = YES;
				GCC_WARN_ABOUT_RETURN_TYPE = YES_ERROR;
				GCC_WARN_UNDECLARED_SELECTOR = YES;
				GCC_WARN_UNINITIALIZED_AUTOS = YES_AGGRESSIVE;
				GCC_WARN_UNUSED_FUNCTION = YES;
				GCC_WARN_UNUSED_VARIABLE = YES;
				IPHONEOS_DEPLOYMENT_TARGET = 13.6;
				MTL_ENABLE_DEBUG_INFO = INCLUDE_SOURCE;
				MTL_FAST_MATH = YES;
				ONLY_ACTIVE_ARCH = YES;
				SDKROOT = iphoneos;
				SWIFT_ACTIVE_COMPILATION_CONDITIONS = DEBUG;
				SWIFT_OPTIMIZATION_LEVEL = "-Onone";
			};
			name = Debug;
		};
		8DE08EF024E88E5F0009D728 /* Release */ = {
			isa = XCBuildConfiguration;
			buildSettings = {
				ALWAYS_SEARCH_USER_PATHS = NO;
				CLANG_ANALYZER_NONNULL = YES;
				CLANG_ANALYZER_NUMBER_OBJECT_CONVERSION = YES_AGGRESSIVE;
				CLANG_CXX_LANGUAGE_STANDARD = "gnu++14";
				CLANG_CXX_LIBRARY = "libc++";
				CLANG_ENABLE_MODULES = YES;
				CLANG_ENABLE_OBJC_ARC = YES;
				CLANG_ENABLE_OBJC_WEAK = YES;
				CLANG_WARN_BLOCK_CAPTURE_AUTORELEASING = YES;
				CLANG_WARN_BOOL_CONVERSION = YES;
				CLANG_WARN_COMMA = YES;
				CLANG_WARN_CONSTANT_CONVERSION = YES;
				CLANG_WARN_DEPRECATED_OBJC_IMPLEMENTATIONS = YES;
				CLANG_WARN_DIRECT_OBJC_ISA_USAGE = YES_ERROR;
				CLANG_WARN_DOCUMENTATION_COMMENTS = YES;
				CLANG_WARN_EMPTY_BODY = YES;
				CLANG_WARN_ENUM_CONVERSION = YES;
				CLANG_WARN_INFINITE_RECURSION = YES;
				CLANG_WARN_INT_CONVERSION = YES;
				CLANG_WARN_NON_LITERAL_NULL_CONVERSION = YES;
				CLANG_WARN_OBJC_IMPLICIT_RETAIN_SELF = YES;
				CLANG_WARN_OBJC_LITERAL_CONVERSION = YES;
				CLANG_WARN_OBJC_ROOT_CLASS = YES_ERROR;
				CLANG_WARN_RANGE_LOOP_ANALYSIS = YES;
				CLANG_WARN_STRICT_PROTOTYPES = YES;
				CLANG_WARN_SUSPICIOUS_MOVE = YES;
				CLANG_WARN_UNGUARDED_AVAILABILITY = YES_AGGRESSIVE;
				CLANG_WARN_UNREACHABLE_CODE = YES;
				CLANG_WARN__DUPLICATE_METHOD_MATCH = YES;
				COPY_PHASE_STRIP = NO;
				DEBUG_INFORMATION_FORMAT = "dwarf-with-dsym";
				ENABLE_NS_ASSERTIONS = NO;
				ENABLE_STRICT_OBJC_MSGSEND = YES;
				GCC_C_LANGUAGE_STANDARD = gnu11;
				GCC_NO_COMMON_BLOCKS = YES;
				GCC_WARN_64_TO_32_BIT_CONVERSION = YES;
				GCC_WARN_ABOUT_RETURN_TYPE = YES_ERROR;
				GCC_WARN_UNDECLARED_SELECTOR = YES;
				GCC_WARN_UNINITIALIZED_AUTOS = YES_AGGRESSIVE;
				GCC_WARN_UNUSED_FUNCTION = YES;
				GCC_WARN_UNUSED_VARIABLE = YES;
				IPHONEOS_DEPLOYMENT_TARGET = 13.6;
				MTL_ENABLE_DEBUG_INFO = NO;
				MTL_FAST_MATH = YES;
				SDKROOT = iphoneos;
				SWIFT_COMPILATION_MODE = wholemodule;
				SWIFT_OPTIMIZATION_LEVEL = "-O";
				VALIDATE_PRODUCT = YES;
			};
			name = Release;
		};
		8DE08EF224E88E5F0009D728 /* Debug */ = {
			isa = XCBuildConfiguration;
			baseConfigurationReference = 0C70A2DDC9C45C5EE3B87802 /* Pods-Tabs App.debug.xcconfig */;
			buildSettings = {
				ASSETCATALOG_COMPILER_APPICON_NAME = AppIcon;
				CODE_SIGN_STYLE = Automatic;
				DEVELOPMENT_TEAM = P29VW3VQZC;
				INFOPLIST_FILE = "Tabs App/Info.plist";
				LD_RUNPATH_SEARCH_PATHS = (
					"$(inherited)",
					"@executable_path/Frameworks",
				);
				PRODUCT_BUNDLE_IDENTIFIER = "com.araadshams.Tabs-App";
				PRODUCT_NAME = "$(TARGET_NAME)";
				SWIFT_VERSION = 5.0;
				TARGETED_DEVICE_FAMILY = "1,2";
			};
			name = Debug;
		};
		8DE08EF324E88E5F0009D728 /* Release */ = {
			isa = XCBuildConfiguration;
			baseConfigurationReference = 51AF88D24F5356695D111640 /* Pods-Tabs App.release.xcconfig */;
			buildSettings = {
				ASSETCATALOG_COMPILER_APPICON_NAME = AppIcon;
				CODE_SIGN_STYLE = Automatic;
				DEVELOPMENT_TEAM = P29VW3VQZC;
				INFOPLIST_FILE = "Tabs App/Info.plist";
				LD_RUNPATH_SEARCH_PATHS = (
					"$(inherited)",
					"@executable_path/Frameworks",
				);
				PRODUCT_BUNDLE_IDENTIFIER = "com.araadshams.Tabs-App";
				PRODUCT_NAME = "$(TARGET_NAME)";
				SWIFT_VERSION = 5.0;
				TARGETED_DEVICE_FAMILY = "1,2";
			};
			name = Release;
		};
		8DE08EF524E88E5F0009D728 /* Debug */ = {
			isa = XCBuildConfiguration;
			buildSettings = {
				ALWAYS_EMBED_SWIFT_STANDARD_LIBRARIES = YES;
				BUNDLE_LOADER = "$(TEST_HOST)";
				CODE_SIGN_STYLE = Automatic;
				DEVELOPMENT_TEAM = P29VW3VQZC;
				INFOPLIST_FILE = "Tabs AppTests/Info.plist";
				IPHONEOS_DEPLOYMENT_TARGET = 13.6;
				LD_RUNPATH_SEARCH_PATHS = (
					"$(inherited)",
					"@executable_path/Frameworks",
					"@loader_path/Frameworks",
				);
				PRODUCT_BUNDLE_IDENTIFIER = "com.araadshams.Tabs-AppTests";
				PRODUCT_NAME = "$(TARGET_NAME)";
				SWIFT_VERSION = 5.0;
				TARGETED_DEVICE_FAMILY = "1,2";
				TEST_HOST = "$(BUILT_PRODUCTS_DIR)/Tabs App.app/Tabs App";
			};
			name = Debug;
		};
		8DE08EF624E88E5F0009D728 /* Release */ = {
			isa = XCBuildConfiguration;
			buildSettings = {
				ALWAYS_EMBED_SWIFT_STANDARD_LIBRARIES = YES;
				BUNDLE_LOADER = "$(TEST_HOST)";
				CODE_SIGN_STYLE = Automatic;
				DEVELOPMENT_TEAM = P29VW3VQZC;
				INFOPLIST_FILE = "Tabs AppTests/Info.plist";
				IPHONEOS_DEPLOYMENT_TARGET = 13.6;
				LD_RUNPATH_SEARCH_PATHS = (
					"$(inherited)",
					"@executable_path/Frameworks",
					"@loader_path/Frameworks",
				);
				PRODUCT_BUNDLE_IDENTIFIER = "com.araadshams.Tabs-AppTests";
				PRODUCT_NAME = "$(TARGET_NAME)";
				SWIFT_VERSION = 5.0;
				TARGETED_DEVICE_FAMILY = "1,2";
				TEST_HOST = "$(BUILT_PRODUCTS_DIR)/Tabs App.app/Tabs App";
			};
			name = Release;
		};
/* End XCBuildConfiguration section */

/* Begin XCConfigurationList section */
		8DE08ECA24E88E5E0009D728 /* Build configuration list for PBXProject "Tabs App" */ = {
			isa = XCConfigurationList;
			buildConfigurations = (
				8DE08EEF24E88E5F0009D728 /* Debug */,
				8DE08EF024E88E5F0009D728 /* Release */,
			);
			defaultConfigurationIsVisible = 0;
			defaultConfigurationName = Release;
		};
		8DE08EF124E88E5F0009D728 /* Build configuration list for PBXNativeTarget "Tabs App" */ = {
			isa = XCConfigurationList;
			buildConfigurations = (
				8DE08EF224E88E5F0009D728 /* Debug */,
				8DE08EF324E88E5F0009D728 /* Release */,
			);
			defaultConfigurationIsVisible = 0;
			defaultConfigurationName = Release;
		};
		8DE08EF424E88E5F0009D728 /* Build configuration list for PBXNativeTarget "Tabs AppTests" */ = {
			isa = XCConfigurationList;
			buildConfigurations = (
				8DE08EF524E88E5F0009D728 /* Debug */,
				8DE08EF624E88E5F0009D728 /* Release */,
			);
			defaultConfigurationIsVisible = 0;
			defaultConfigurationName = Release;
		};
/* End XCConfigurationList section */

/* Begin XCVersionGroup section */
		8DE08EDB24E88E5E0009D728 /* Tabs_App.xcdatamodeld */ = {
			isa = XCVersionGroup;
			children = (
				8DE08EDC24E88E5E0009D728 /* Tabs_App.xcdatamodel */,
			);
			currentVersion = 8DE08EDC24E88E5E0009D728 /* Tabs_App.xcdatamodel */;
			path = Tabs_App.xcdatamodeld;
			sourceTree = "<group>";
			versionGroupType = wrapper.xcdatamodel;
		};
/* End XCVersionGroup section */
	};
	rootObject = 8DE08EC724E88E5E0009D728 /* Project object */;
}
